
Microsoft Visual Studio Solution File, Format Version 12.00
# Visual Studio 2013
VisualStudioVersion = 12.0.30501.0
MinimumVisualStudioVersion = 10.0.40219.1
Project("{FAE04EC0-301F-11D3-BF4B-00C04F79EFBC}") = "Manufaktura.Controls", "Manufaktura.Controls\Manufaktura.Controls.csproj", "{52331173-DFD5-47EA-BA7A-72BBBE85D2FA}"
EndProject
Project("{FAE04EC0-301F-11D3-BF4B-00C04F79EFBC}") = "Manufaktura.Controls.WinForms", "Manufaktura.Controls.WinForms\Manufaktura.Controls.WinForms.csproj", "{17FBBC7D-BD94-4510-87C6-656090D0FCEB}"
EndProject
Project("{FAE04EC0-301F-11D3-BF4B-00C04F79EFBC}") = "Manufaktura.Controls.Winforms.Test", "Manufaktura.Controls.Winforms.Test\Manufaktura.Controls.Winforms.Test.csproj", "{1BA1F015-16CF-4916-82C4-3874E9E8E1DE}"
EndProject
Project("{FAE04EC0-301F-11D3-BF4B-00C04F79EFBC}") = "Manufaktura.Controls.WPF", "Manufaktura.Controls.WPF\Manufaktura.Controls.WPF.csproj", "{878452F2-698F-48F8-8AC1-BEBFE55CFAF3}"
EndProject
Project("{FAE04EC0-301F-11D3-BF4B-00C04F79EFBC}") = "Manufaktura.Controls.WPF.Test", "Manufaktura.Controls.WPF.Test\Manufaktura.Controls.WPF.Test.csproj", "{BF740FBE-AC7D-4D8B-8450-FA27F31ED879}"
EndProject
Global
	GlobalSection(SolutionConfigurationPlatforms) = preSolution
		Debug|Any CPU = Debug|Any CPU
		Release|Any CPU = Release|Any CPU
	EndGlobalSection
	GlobalSection(ProjectConfigurationPlatforms) = postSolution
		{52331173-DFD5-47EA-BA7A-72BBBE85D2FA}.Debug|Any CPU.ActiveCfg = Debug|Any CPU
		{52331173-DFD5-47EA-BA7A-72BBBE85D2FA}.Debug|Any CPU.Build.0 = Debug|Any CPU
		{52331173-DFD5-47EA-BA7A-72BBBE85D2FA}.Release|Any CPU.ActiveCfg = Release|Any CPU
		{52331173-DFD5-47EA-BA7A-72BBBE85D2FA}.Release|Any CPU.Build.0 = Release|Any CPU
		{17FBBC7D-BD94-4510-87C6-656090D0FCEB}.Debug|Any CPU.ActiveCfg = Debug|Any CPU
		{17FBBC7D-BD94-4510-87C6-656090D0FCEB}.Debug|Any CPU.Build.0 = Debug|Any CPU
		{17FBBC7D-BD94-4510-87C6-656090D0FCEB}.Release|Any CPU.ActiveCfg = Release|Any CPU
		{17FBBC7D-BD94-4510-87C6-656090D0FCEB}.Release|Any CPU.Build.0 = Release|Any CPU
		{1BA1F015-16CF-4916-82C4-3874E9E8E1DE}.Debug|Any CPU.ActiveCfg = Debug|Any CPU
		{1BA1F015-16CF-4916-82C4-3874E9E8E1DE}.Debug|Any CPU.Build.0 = Debug|Any CPU
		{1BA1F015-16CF-4916-82C4-3874E9E8E1DE}.Release|Any CPU.ActiveCfg = Release|Any CPU
		{1BA1F015-16CF-4916-82C4-3874E9E8E1DE}.Release|Any CPU.Build.0 = Release|Any CPU
		{878452F2-698F-48F8-8AC1-BEBFE55CFAF3}.Debug|Any CPU.ActiveCfg = Debug|Any CPU
		{878452F2-698F-48F8-8AC1-BEBFE55CFAF3}.Debug|Any CPU.Build.0 = Debug|Any CPU
		{878452F2-698F-48F8-8AC1-BEBFE55CFAF3}.Release|Any CPU.ActiveCfg = Release|Any CPU
		{878452F2-698F-48F8-8AC1-BEBFE55CFAF3}.Release|Any CPU.Build.0 = Release|Any CPU
		{BF740FBE-AC7D-4D8B-8450-FA27F31ED879}.Debug|Any CPU.ActiveCfg = Debug|Any CPU
		{BF740FBE-AC7D-4D8B-8450-FA27F31ED879}.Debug|Any CPU.Build.0 = Debug|Any CPU
		{BF740FBE-AC7D-4D8B-8450-FA27F31ED879}.Release|Any CPU.ActiveCfg = Release|Any CPU
		{BF740FBE-AC7D-4D8B-8450-FA27F31ED879}.Release|Any CPU.Build.0 = Release|Any CPU
	EndGlobalSection
	GlobalSection(SolutionProperties) = preSolution
		HideSolutionNode = FALSE
	EndGlobalSection
EndGlobal
