
Microsoft Visual Studio Solution File, Format Version 12.00
# Visual Studio 2013
VisualStudioVersion = 12.0.30626.0
MinimumVisualStudioVersion = 10.0.40219.1
Project("{FAE04EC0-301F-11D3-BF4B-00C04F79EFBC}") = "Manufaktura.Controls", "Manufaktura.Controls\Manufaktura.Controls.csproj", "{52331173-DFD5-47EA-BA7A-72BBBE85D2FA}"
EndProject
Project("{FAE04EC0-301F-11D3-BF4B-00C04F79EFBC}") = "Manufaktura.Controls.WinForms", "Manufaktura.Controls.WinForms\Manufaktura.Controls.WinForms.csproj", "{17FBBC7D-BD94-4510-87C6-656090D0FCEB}"
EndProject
Project("{FAE04EC0-301F-11D3-BF4B-00C04F79EFBC}") = "Manufaktura.Controls.Winforms.Test", "Manufaktura.Controls.Winforms.Test\Manufaktura.Controls.Winforms.Test.csproj", "{1BA1F015-16CF-4916-82C4-3874E9E8E1DE}"
EndProject
Project("{FAE04EC0-301F-11D3-BF4B-00C04F79EFBC}") = "Manufaktura.Controls.WPF", "Manufaktura.Controls.WPF\Manufaktura.Controls.WPF.csproj", "{878452F2-698F-48F8-8AC1-BEBFE55CFAF3}"
EndProject
Project("{FAE04EC0-301F-11D3-BF4B-00C04F79EFBC}") = "Manufaktura.Controls.WPF.Test", "Manufaktura.Controls.WPF.Test\Manufaktura.Controls.WPF.Test.csproj", "{BF740FBE-AC7D-4D8B-8450-FA27F31ED879}"
EndProject
Project("{FAE04EC0-301F-11D3-BF4B-00C04F79EFBC}") = "Manufaktura.Controls.Silverlight", "Manufaktura.Controls.Silverlight\Manufaktura.Controls.Silverlight.csproj", "{AFF624B6-B624-406E-9588-36B4BAE78670}"
EndProject
Project("{FAE04EC0-301F-11D3-BF4B-00C04F79EFBC}") = "Manufaktura.Controls.Silverlight.Test", "Manufaktura.Controls.Silverlight.Test\Manufaktura.Controls.Silverlight.Test.csproj", "{767E4149-E5E7-4920-9D06-E26B0BE795F0}"
EndProject
Project("{FAE04EC0-301F-11D3-BF4B-00C04F79EFBC}") = "Manufaktura.Controls.Silverlight.Test.Web", "Manufaktura.Controls.Silverlight.Test.Web\Manufaktura.Controls.Silverlight.Test.Web.csproj", "{7C6FEE2C-465E-4344-85EA-D4D2879848E3}"
EndProject
Project("{FAE04EC0-301F-11D3-BF4B-00C04F79EFBC}") = "Manufaktura.Controls.WindowsPhoneSilverlight", "Manufaktura.Controls.WindowsPhoneSilverlight\Manufaktura.Controls.WindowsPhoneSilverlight.csproj", "{FDD1FA97-2378-402E-8FF8-61F26E46C573}"
EndProject
Project("{FAE04EC0-301F-11D3-BF4B-00C04F79EFBC}") = "Manufaktura.Controls.WindowsPhoneSilverlight.Test", "Manufaktura.Controls.WindowsPhoneSilverlight.Test\Manufaktura.Controls.WindowsPhoneSilverlight.Test.csproj", "{D3F06FC9-90D9-4D97-A40E-CA7A556AFE0E}"
EndProject
Project("{FAE04EC0-301F-11D3-BF4B-00C04F79EFBC}") = "Manufaktura.Controls.Tests", "Manufaktura.Controls.Tests\Manufaktura.Controls.Tests.csproj", "{7C9CB538-8ED5-4ABA-B4FF-78A57E29D8C3}"
EndProject
Project("{FAE04EC0-301F-11D3-BF4B-00C04F79EFBC}") = "Manufaktura.Controls.Test.Web", "Manufaktura.Controls.Test.Web\Manufaktura.Controls.Test.Web.csproj", "{60005E66-A113-45E1-8200-1DB4E37244FD}"
EndProject
Project("{FAE04EC0-301F-11D3-BF4B-00C04F79EFBC}") = "Manufaktura.Orm", "Manufaktura.Orm\Manufaktura.Orm.csproj", "{B6302EE4-B0FD-41D2-B2D2-1D46DF69D925}"
EndProject
Project("{FAE04EC0-301F-11D3-BF4B-00C04F79EFBC}") = "Manufaktura.Orm.MySql", "Manufaktura.Orm.MySql\Manufaktura.Orm.MySql.csproj", "{A1E0439B-A7EA-4F93-98B1-B33F8F0277D9}"
EndProject
Project("{FAE04EC0-301F-11D3-BF4B-00C04F79EFBC}") = "Manufaktura.Orm.UnitTests", "Manufaktura.Orm.UnitTests\Manufaktura.Orm.UnitTests.csproj", "{6CF95B35-3349-40FB-B9B1-CB7404624DA2}"
EndProject
Project("{FAE04EC0-301F-11D3-BF4B-00C04F79EFBC}") = "Manufaktura.Model", "Manufaktura.Model\Manufaktura.Model.csproj", "{4233DF90-EE27-4F88-953B-3652E6D2B080}"
EndProject
Global
	GlobalSection(SolutionConfigurationPlatforms) = preSolution
		Debug|Any CPU = Debug|Any CPU
		Debug|ARM = Debug|ARM
		Debug|x86 = Debug|x86
		Release|Any CPU = Release|Any CPU
		Release|ARM = Release|ARM
		Release|x86 = Release|x86
	EndGlobalSection
	GlobalSection(ProjectConfigurationPlatforms) = postSolution
		{52331173-DFD5-47EA-BA7A-72BBBE85D2FA}.Debug|Any CPU.ActiveCfg = Debug|Any CPU
		{52331173-DFD5-47EA-BA7A-72BBBE85D2FA}.Debug|Any CPU.Build.0 = Debug|Any CPU
		{52331173-DFD5-47EA-BA7A-72BBBE85D2FA}.Debug|ARM.ActiveCfg = Debug|Any CPU
		{52331173-DFD5-47EA-BA7A-72BBBE85D2FA}.Debug|x86.ActiveCfg = Debug|Any CPU
		{52331173-DFD5-47EA-BA7A-72BBBE85D2FA}.Release|Any CPU.ActiveCfg = Release|Any CPU
		{52331173-DFD5-47EA-BA7A-72BBBE85D2FA}.Release|Any CPU.Build.0 = Release|Any CPU
		{52331173-DFD5-47EA-BA7A-72BBBE85D2FA}.Release|ARM.ActiveCfg = Release|Any CPU
		{52331173-DFD5-47EA-BA7A-72BBBE85D2FA}.Release|x86.ActiveCfg = Release|Any CPU
		{17FBBC7D-BD94-4510-87C6-656090D0FCEB}.Debug|Any CPU.ActiveCfg = Debug|Any CPU
		{17FBBC7D-BD94-4510-87C6-656090D0FCEB}.Debug|Any CPU.Build.0 = Debug|Any CPU
		{17FBBC7D-BD94-4510-87C6-656090D0FCEB}.Debug|ARM.ActiveCfg = Debug|Any CPU
		{17FBBC7D-BD94-4510-87C6-656090D0FCEB}.Debug|x86.ActiveCfg = Debug|Any CPU
		{17FBBC7D-BD94-4510-87C6-656090D0FCEB}.Release|Any CPU.ActiveCfg = Release|Any CPU
		{17FBBC7D-BD94-4510-87C6-656090D0FCEB}.Release|Any CPU.Build.0 = Release|Any CPU
		{17FBBC7D-BD94-4510-87C6-656090D0FCEB}.Release|ARM.ActiveCfg = Release|Any CPU
		{17FBBC7D-BD94-4510-87C6-656090D0FCEB}.Release|x86.ActiveCfg = Release|Any CPU
		{1BA1F015-16CF-4916-82C4-3874E9E8E1DE}.Debug|Any CPU.ActiveCfg = Debug|Any CPU
		{1BA1F015-16CF-4916-82C4-3874E9E8E1DE}.Debug|Any CPU.Build.0 = Debug|Any CPU
		{1BA1F015-16CF-4916-82C4-3874E9E8E1DE}.Debug|ARM.ActiveCfg = Debug|Any CPU
		{1BA1F015-16CF-4916-82C4-3874E9E8E1DE}.Debug|x86.ActiveCfg = Debug|Any CPU
		{1BA1F015-16CF-4916-82C4-3874E9E8E1DE}.Release|Any CPU.ActiveCfg = Release|Any CPU
		{1BA1F015-16CF-4916-82C4-3874E9E8E1DE}.Release|Any CPU.Build.0 = Release|Any CPU
		{1BA1F015-16CF-4916-82C4-3874E9E8E1DE}.Release|ARM.ActiveCfg = Release|Any CPU
		{1BA1F015-16CF-4916-82C4-3874E9E8E1DE}.Release|x86.ActiveCfg = Release|Any CPU
		{878452F2-698F-48F8-8AC1-BEBFE55CFAF3}.Debug|Any CPU.ActiveCfg = Debug|Any CPU
		{878452F2-698F-48F8-8AC1-BEBFE55CFAF3}.Debug|Any CPU.Build.0 = Debug|Any CPU
		{878452F2-698F-48F8-8AC1-BEBFE55CFAF3}.Debug|ARM.ActiveCfg = Debug|Any CPU
		{878452F2-698F-48F8-8AC1-BEBFE55CFAF3}.Debug|x86.ActiveCfg = Debug|Any CPU
		{878452F2-698F-48F8-8AC1-BEBFE55CFAF3}.Release|Any CPU.ActiveCfg = Release|Any CPU
		{878452F2-698F-48F8-8AC1-BEBFE55CFAF3}.Release|Any CPU.Build.0 = Release|Any CPU
		{878452F2-698F-48F8-8AC1-BEBFE55CFAF3}.Release|ARM.ActiveCfg = Release|Any CPU
		{878452F2-698F-48F8-8AC1-BEBFE55CFAF3}.Release|x86.ActiveCfg = Release|Any CPU
		{BF740FBE-AC7D-4D8B-8450-FA27F31ED879}.Debug|Any CPU.ActiveCfg = Debug|Any CPU
		{BF740FBE-AC7D-4D8B-8450-FA27F31ED879}.Debug|Any CPU.Build.0 = Debug|Any CPU
		{BF740FBE-AC7D-4D8B-8450-FA27F31ED879}.Debug|ARM.ActiveCfg = Debug|Any CPU
		{BF740FBE-AC7D-4D8B-8450-FA27F31ED879}.Debug|x86.ActiveCfg = Debug|Any CPU
		{BF740FBE-AC7D-4D8B-8450-FA27F31ED879}.Release|Any CPU.ActiveCfg = Release|Any CPU
		{BF740FBE-AC7D-4D8B-8450-FA27F31ED879}.Release|Any CPU.Build.0 = Release|Any CPU
		{BF740FBE-AC7D-4D8B-8450-FA27F31ED879}.Release|ARM.ActiveCfg = Release|Any CPU
		{BF740FBE-AC7D-4D8B-8450-FA27F31ED879}.Release|x86.ActiveCfg = Release|Any CPU
		{AFF624B6-B624-406E-9588-36B4BAE78670}.Debug|Any CPU.ActiveCfg = Debug|Any CPU
		{AFF624B6-B624-406E-9588-36B4BAE78670}.Debug|Any CPU.Build.0 = Debug|Any CPU
		{AFF624B6-B624-406E-9588-36B4BAE78670}.Debug|ARM.ActiveCfg = Debug|Any CPU
		{AFF624B6-B624-406E-9588-36B4BAE78670}.Debug|x86.ActiveCfg = Debug|Any CPU
		{AFF624B6-B624-406E-9588-36B4BAE78670}.Release|Any CPU.ActiveCfg = Release|Any CPU
		{AFF624B6-B624-406E-9588-36B4BAE78670}.Release|Any CPU.Build.0 = Release|Any CPU
		{AFF624B6-B624-406E-9588-36B4BAE78670}.Release|ARM.ActiveCfg = Release|Any CPU
		{AFF624B6-B624-406E-9588-36B4BAE78670}.Release|x86.ActiveCfg = Release|Any CPU
		{767E4149-E5E7-4920-9D06-E26B0BE795F0}.Debug|Any CPU.ActiveCfg = Debug|Any CPU
		{767E4149-E5E7-4920-9D06-E26B0BE795F0}.Debug|Any CPU.Build.0 = Debug|Any CPU
		{767E4149-E5E7-4920-9D06-E26B0BE795F0}.Debug|ARM.ActiveCfg = Debug|Any CPU
		{767E4149-E5E7-4920-9D06-E26B0BE795F0}.Debug|x86.ActiveCfg = Debug|Any CPU
		{767E4149-E5E7-4920-9D06-E26B0BE795F0}.Release|Any CPU.ActiveCfg = Release|Any CPU
		{767E4149-E5E7-4920-9D06-E26B0BE795F0}.Release|Any CPU.Build.0 = Release|Any CPU
		{767E4149-E5E7-4920-9D06-E26B0BE795F0}.Release|ARM.ActiveCfg = Release|Any CPU
		{767E4149-E5E7-4920-9D06-E26B0BE795F0}.Release|x86.ActiveCfg = Release|Any CPU
		{7C6FEE2C-465E-4344-85EA-D4D2879848E3}.Debug|Any CPU.ActiveCfg = Debug|Any CPU
		{7C6FEE2C-465E-4344-85EA-D4D2879848E3}.Debug|Any CPU.Build.0 = Debug|Any CPU
		{7C6FEE2C-465E-4344-85EA-D4D2879848E3}.Debug|ARM.ActiveCfg = Debug|Any CPU
		{7C6FEE2C-465E-4344-85EA-D4D2879848E3}.Debug|x86.ActiveCfg = Debug|Any CPU
		{7C6FEE2C-465E-4344-85EA-D4D2879848E3}.Release|Any CPU.ActiveCfg = Release|Any CPU
		{7C6FEE2C-465E-4344-85EA-D4D2879848E3}.Release|Any CPU.Build.0 = Release|Any CPU
		{7C6FEE2C-465E-4344-85EA-D4D2879848E3}.Release|ARM.ActiveCfg = Release|Any CPU
		{7C6FEE2C-465E-4344-85EA-D4D2879848E3}.Release|x86.ActiveCfg = Release|Any CPU
		{FDD1FA97-2378-402E-8FF8-61F26E46C573}.Debug|Any CPU.ActiveCfg = Debug|Any CPU
		{FDD1FA97-2378-402E-8FF8-61F26E46C573}.Debug|Any CPU.Build.0 = Debug|Any CPU
		{FDD1FA97-2378-402E-8FF8-61F26E46C573}.Debug|ARM.ActiveCfg = Debug|ARM
		{FDD1FA97-2378-402E-8FF8-61F26E46C573}.Debug|ARM.Build.0 = Debug|ARM
		{FDD1FA97-2378-402E-8FF8-61F26E46C573}.Debug|x86.ActiveCfg = Debug|x86
		{FDD1FA97-2378-402E-8FF8-61F26E46C573}.Debug|x86.Build.0 = Debug|x86
		{FDD1FA97-2378-402E-8FF8-61F26E46C573}.Release|Any CPU.ActiveCfg = Release|Any CPU
		{FDD1FA97-2378-402E-8FF8-61F26E46C573}.Release|Any CPU.Build.0 = Release|Any CPU
		{FDD1FA97-2378-402E-8FF8-61F26E46C573}.Release|ARM.ActiveCfg = Release|ARM
		{FDD1FA97-2378-402E-8FF8-61F26E46C573}.Release|ARM.Build.0 = Release|ARM
		{FDD1FA97-2378-402E-8FF8-61F26E46C573}.Release|x86.ActiveCfg = Release|x86
		{FDD1FA97-2378-402E-8FF8-61F26E46C573}.Release|x86.Build.0 = Release|x86
		{D3F06FC9-90D9-4D97-A40E-CA7A556AFE0E}.Debug|Any CPU.ActiveCfg = Debug|Any CPU
		{D3F06FC9-90D9-4D97-A40E-CA7A556AFE0E}.Debug|Any CPU.Build.0 = Debug|Any CPU
		{D3F06FC9-90D9-4D97-A40E-CA7A556AFE0E}.Debug|Any CPU.Deploy.0 = Debug|Any CPU
		{D3F06FC9-90D9-4D97-A40E-CA7A556AFE0E}.Debug|ARM.ActiveCfg = Debug|ARM
		{D3F06FC9-90D9-4D97-A40E-CA7A556AFE0E}.Debug|ARM.Build.0 = Debug|ARM
		{D3F06FC9-90D9-4D97-A40E-CA7A556AFE0E}.Debug|ARM.Deploy.0 = Debug|ARM
		{D3F06FC9-90D9-4D97-A40E-CA7A556AFE0E}.Debug|x86.ActiveCfg = Debug|x86
		{D3F06FC9-90D9-4D97-A40E-CA7A556AFE0E}.Debug|x86.Build.0 = Debug|x86
		{D3F06FC9-90D9-4D97-A40E-CA7A556AFE0E}.Debug|x86.Deploy.0 = Debug|x86
		{D3F06FC9-90D9-4D97-A40E-CA7A556AFE0E}.Release|Any CPU.ActiveCfg = Release|Any CPU
		{D3F06FC9-90D9-4D97-A40E-CA7A556AFE0E}.Release|Any CPU.Build.0 = Release|Any CPU
		{D3F06FC9-90D9-4D97-A40E-CA7A556AFE0E}.Release|Any CPU.Deploy.0 = Release|Any CPU
		{D3F06FC9-90D9-4D97-A40E-CA7A556AFE0E}.Release|ARM.ActiveCfg = Release|ARM
		{D3F06FC9-90D9-4D97-A40E-CA7A556AFE0E}.Release|ARM.Build.0 = Release|ARM
		{D3F06FC9-90D9-4D97-A40E-CA7A556AFE0E}.Release|ARM.Deploy.0 = Release|ARM
		{D3F06FC9-90D9-4D97-A40E-CA7A556AFE0E}.Release|x86.ActiveCfg = Release|x86
		{D3F06FC9-90D9-4D97-A40E-CA7A556AFE0E}.Release|x86.Build.0 = Release|x86
		{D3F06FC9-90D9-4D97-A40E-CA7A556AFE0E}.Release|x86.Deploy.0 = Release|x86
		{7C9CB538-8ED5-4ABA-B4FF-78A57E29D8C3}.Debug|Any CPU.ActiveCfg = Debug|Any CPU
		{7C9CB538-8ED5-4ABA-B4FF-78A57E29D8C3}.Debug|Any CPU.Build.0 = Debug|Any CPU
		{7C9CB538-8ED5-4ABA-B4FF-78A57E29D8C3}.Debug|ARM.ActiveCfg = Debug|Any CPU
		{7C9CB538-8ED5-4ABA-B4FF-78A57E29D8C3}.Debug|x86.ActiveCfg = Debug|Any CPU
		{7C9CB538-8ED5-4ABA-B4FF-78A57E29D8C3}.Release|Any CPU.ActiveCfg = Release|Any CPU
		{7C9CB538-8ED5-4ABA-B4FF-78A57E29D8C3}.Release|Any CPU.Build.0 = Release|Any CPU
		{7C9CB538-8ED5-4ABA-B4FF-78A57E29D8C3}.Release|ARM.ActiveCfg = Release|Any CPU
		{7C9CB538-8ED5-4ABA-B4FF-78A57E29D8C3}.Release|x86.ActiveCfg = Release|Any CPU
		{60005E66-A113-45E1-8200-1DB4E37244FD}.Debug|Any CPU.ActiveCfg = Debug|Any CPU
		{60005E66-A113-45E1-8200-1DB4E37244FD}.Debug|Any CPU.Build.0 = Debug|Any CPU
		{60005E66-A113-45E1-8200-1DB4E37244FD}.Debug|ARM.ActiveCfg = Debug|Any CPU
		{60005E66-A113-45E1-8200-1DB4E37244FD}.Debug|x86.ActiveCfg = Debug|Any CPU
		{60005E66-A113-45E1-8200-1DB4E37244FD}.Release|Any CPU.ActiveCfg = Release|Any CPU
		{60005E66-A113-45E1-8200-1DB4E37244FD}.Release|Any CPU.Build.0 = Release|Any CPU
		{60005E66-A113-45E1-8200-1DB4E37244FD}.Release|ARM.ActiveCfg = Release|Any CPU
		{60005E66-A113-45E1-8200-1DB4E37244FD}.Release|x86.ActiveCfg = Release|Any CPU
		{B6302EE4-B0FD-41D2-B2D2-1D46DF69D925}.Debug|Any CPU.ActiveCfg = Debug|Any CPU
		{B6302EE4-B0FD-41D2-B2D2-1D46DF69D925}.Debug|Any CPU.Build.0 = Debug|Any CPU
		{B6302EE4-B0FD-41D2-B2D2-1D46DF69D925}.Debug|ARM.ActiveCfg = Debug|Any CPU
		{B6302EE4-B0FD-41D2-B2D2-1D46DF69D925}.Debug|x86.ActiveCfg = Debug|Any CPU
		{B6302EE4-B0FD-41D2-B2D2-1D46DF69D925}.Release|Any CPU.ActiveCfg = Release|Any CPU
		{B6302EE4-B0FD-41D2-B2D2-1D46DF69D925}.Release|Any CPU.Build.0 = Release|Any CPU
		{B6302EE4-B0FD-41D2-B2D2-1D46DF69D925}.Release|ARM.ActiveCfg = Release|Any CPU
		{B6302EE4-B0FD-41D2-B2D2-1D46DF69D925}.Release|x86.ActiveCfg = Release|Any CPU
		{A1E0439B-A7EA-4F93-98B1-B33F8F0277D9}.Debug|Any CPU.ActiveCfg = Debug|Any CPU
		{A1E0439B-A7EA-4F93-98B1-B33F8F0277D9}.Debug|Any CPU.Build.0 = Debug|Any CPU
		{A1E0439B-A7EA-4F93-98B1-B33F8F0277D9}.Debug|ARM.ActiveCfg = Debug|Any CPU
		{A1E0439B-A7EA-4F93-98B1-B33F8F0277D9}.Debug|x86.ActiveCfg = Debug|Any CPU
		{A1E0439B-A7EA-4F93-98B1-B33F8F0277D9}.Release|Any CPU.ActiveCfg = Release|Any CPU
		{A1E0439B-A7EA-4F93-98B1-B33F8F0277D9}.Release|Any CPU.Build.0 = Release|Any CPU
		{A1E0439B-A7EA-4F93-98B1-B33F8F0277D9}.Release|ARM.ActiveCfg = Release|Any CPU
		{A1E0439B-A7EA-4F93-98B1-B33F8F0277D9}.Release|x86.ActiveCfg = Release|Any CPU
		{6CF95B35-3349-40FB-B9B1-CB7404624DA2}.Debug|Any CPU.ActiveCfg = Debug|Any CPU
		{6CF95B35-3349-40FB-B9B1-CB7404624DA2}.Debug|Any CPU.Build.0 = Debug|Any CPU
		{6CF95B35-3349-40FB-B9B1-CB7404624DA2}.Debug|ARM.ActiveCfg = Debug|Any CPU
		{6CF95B35-3349-40FB-B9B1-CB7404624DA2}.Debug|x86.ActiveCfg = Debug|Any CPU
		{6CF95B35-3349-40FB-B9B1-CB7404624DA2}.Release|Any CPU.ActiveCfg = Release|Any CPU
		{6CF95B35-3349-40FB-B9B1-CB7404624DA2}.Release|Any CPU.Build.0 = Release|Any CPU
		{6CF95B35-3349-40FB-B9B1-CB7404624DA2}.Release|ARM.ActiveCfg = Release|Any CPU
		{6CF95B35-3349-40FB-B9B1-CB7404624DA2}.Release|x86.ActiveCfg = Release|Any CPU
		{4233DF90-EE27-4F88-953B-3652E6D2B080}.Debug|Any CPU.ActiveCfg = Debug|Any CPU
		{4233DF90-EE27-4F88-953B-3652E6D2B080}.Debug|Any CPU.Build.0 = Debug|Any CPU
		{4233DF90-EE27-4F88-953B-3652E6D2B080}.Debug|ARM.ActiveCfg = Debug|Any CPU
		{4233DF90-EE27-4F88-953B-3652E6D2B080}.Debug|x86.ActiveCfg = Debug|Any CPU
		{4233DF90-EE27-4F88-953B-3652E6D2B080}.Release|Any CPU.ActiveCfg = Release|Any CPU
		{4233DF90-EE27-4F88-953B-3652E6D2B080}.Release|Any CPU.Build.0 = Release|Any CPU
		{4233DF90-EE27-4F88-953B-3652E6D2B080}.Release|ARM.ActiveCfg = Release|Any CPU
		{4233DF90-EE27-4F88-953B-3652E6D2B080}.Release|x86.ActiveCfg = Release|Any CPU
	EndGlobalSection
	GlobalSection(SolutionProperties) = preSolution
		HideSolutionNode = FALSE
	EndGlobalSection
EndGlobal
